
Microsoft Visual Studio Solution File, Format Version 12.00
# Visual Studio Version 16
VisualStudioVersion = 16.0.30011.22
MinimumVisualStudioVersion = 10.0.40219.1
Project("{FAE04EC0-301F-11D3-BF4B-00C04F79EFBC}") = "RuntimeComponent1", "RuntimeComponent1.csproj", "{CCC02CAE-23FA-4746-B1AB-180E4B3C754D}"
EndProject
Project("{8BC9CEB8-8B4A-11D0-8D11-00A0C91BC942}") = "BlankApp1", "BlankApp1\BlankApp1.vcxproj", "{2849B168-EDB9-4CAC-AB6F-70CE2453551C}"
EndProject
Global
	GlobalSection(SolutionConfigurationPlatforms) = preSolution
		Debug|Any CPU = Debug|Any CPU
		Debug|ARM = Debug|ARM
		Debug|ARM64 = Debug|ARM64
		Debug|x64 = Debug|x64
		Debug|x86 = Debug|x86
		Release|Any CPU = Release|Any CPU
		Release|ARM = Release|ARM
		Release|ARM64 = Release|ARM64
		Release|x64 = Release|x64
		Release|x86 = Release|x86
	EndGlobalSection
	GlobalSection(ProjectConfigurationPlatforms) = postSolution
		{CCC02CAE-23FA-4746-B1AB-180E4B3C754D}.Debug|Any CPU.ActiveCfg = Debug|Any CPU
		{CCC02CAE-23FA-4746-B1AB-180E4B3C754D}.Debug|Any CPU.Build.0 = Debug|Any CPU
		{CCC02CAE-23FA-4746-B1AB-180E4B3C754D}.Debug|ARM.ActiveCfg = Debug|ARM
		{CCC02CAE-23FA-4746-B1AB-180E4B3C754D}.Debug|ARM.Build.0 = Debug|ARM
		{CCC02CAE-23FA-4746-B1AB-180E4B3C754D}.Debug|ARM64.ActiveCfg = Debug|ARM64
		{CCC02CAE-23FA-4746-B1AB-180E4B3C754D}.Debug|ARM64.Build.0 = Debug|ARM64
		{CCC02CAE-23FA-4746-B1AB-180E4B3C754D}.Debug|x64.ActiveCfg = Debug|x64
		{CCC02CAE-23FA-4746-B1AB-180E4B3C754D}.Debug|x64.Build.0 = Debug|x64
		{CCC02CAE-23FA-4746-B1AB-180E4B3C754D}.Debug|x86.ActiveCfg = Debug|x86
		{CCC02CAE-23FA-4746-B1AB-180E4B3C754D}.Debug|x86.Build.0 = Debug|x86
		{CCC02CAE-23FA-4746-B1AB-180E4B3C754D}.Release|Any CPU.ActiveCfg = Release|Any CPU
		{CCC02CAE-23FA-4746-B1AB-180E4B3C754D}.Release|Any CPU.Build.0 = Release|Any CPU
		{CCC02CAE-23FA-4746-B1AB-180E4B3C754D}.Release|ARM.ActiveCfg = Release|ARM
		{CCC02CAE-23FA-4746-B1AB-180E4B3C754D}.Release|ARM.Build.0 = Release|ARM
		{CCC02CAE-23FA-4746-B1AB-180E4B3C754D}.Release|ARM64.ActiveCfg = Release|ARM64
		{CCC02CAE-23FA-4746-B1AB-180E4B3C754D}.Release|ARM64.Build.0 = Release|ARM64
		{CCC02CAE-23FA-4746-B1AB-180E4B3C754D}.Release|x64.ActiveCfg = Release|x64
		{CCC02CAE-23FA-4746-B1AB-180E4B3C754D}.Release|x64.Build.0 = Release|x64
		{CCC02CAE-23FA-4746-B1AB-180E4B3C754D}.Release|x86.ActiveCfg = Release|x86
		{CCC02CAE-23FA-4746-B1AB-180E4B3C754D}.Release|x86.Build.0 = Release|x86
		{2849B168-EDB9-4CAC-AB6F-70CE2453551C}.Debug|Any CPU.ActiveCfg = Debug|Win32
		{2849B168-EDB9-4CAC-AB6F-70CE2453551C}.Debug|ARM.ActiveCfg = Debug|ARM
		{2849B168-EDB9-4CAC-AB6F-70CE2453551C}.Debug|ARM.Build.0 = Debug|ARM
		{2849B168-EDB9-4CAC-AB6F-70CE2453551C}.Debug|ARM.Deploy.0 = Debug|ARM
		{2849B168-EDB9-4CAC-AB6F-70CE2453551C}.Debug|ARM64.ActiveCfg = Debug|Win32
		{2849B168-EDB9-4CAC-AB6F-70CE2453551C}.Debug|x64.ActiveCfg = Debug|x64
		{2849B168-EDB9-4CAC-AB6F-70CE2453551C}.Debug|x64.Build.0 = Debug|x64
		{2849B168-EDB9-4CAC-AB6F-70CE2453551C}.Debug|x64.Deploy.0 = Debug|x64
		{2849B168-EDB9-4CAC-AB6F-70CE2453551C}.Debug|x86.ActiveCfg = Debug|Win32
		{2849B168-EDB9-4CAC-AB6F-70CE2453551C}.Debug|x86.Build.0 = Debug|Win32
		{2849B168-EDB9-4CAC-AB6F-70CE2453551C}.Debug|x86.Deploy.0 = Debug|Win32
		{2849B168-EDB9-4CAC-AB6F-70CE2453551C}.Release|Any CPU.ActiveCfg = Release|Win32
		{2849B168-EDB9-4CAC-AB6F-70CE2453551C}.Release|ARM.ActiveCfg = Release|ARM
		{2849B168-EDB9-4CAC-AB6F-70CE2453551C}.Release|ARM.Build.0 = Release|ARM
		{2849B168-EDB9-4CAC-AB6F-70CE2453551C}.Release|ARM.Deploy.0 = Release|ARM
		{2849B168-EDB9-4CAC-AB6F-70CE2453551C}.Release|ARM64.ActiveCfg = Release|Win32
		{2849B168-EDB9-4CAC-AB6F-70CE2453551C}.Release|x64.ActiveCfg = Release|x64
		{2849B168-EDB9-4CAC-AB6F-70CE2453551C}.Release|x64.Build.0 = Release|x64
		{2849B168-EDB9-4CAC-AB6F-70CE2453551C}.Release|x64.Deploy.0 = Release|x64
		{2849B168-EDB9-4CAC-AB6F-70CE2453551C}.Release|x86.ActiveCfg = Release|Win32
		{2849B168-EDB9-4CAC-AB6F-70CE2453551C}.Release|x86.Build.0 = Release|Win32
		{2849B168-EDB9-4CAC-AB6F-70CE2453551C}.Release|x86.Deploy.0 = Release|Win32
	EndGlobalSection
	GlobalSection(SolutionProperties) = preSolution
		HideSolutionNode = FALSE
	EndGlobalSection
	GlobalSection(ExtensibilityGlobals) = postSolution
		SolutionGuid = {AED57BEB-8F8E-43CC-9812-C89C8214F485}
	EndGlobalSection
EndGlobal
